// !$*UTF8*$!
{
	archiveVersion = 1;
	classes = {
	};
	objectVersion = 42;
	objects = {

/* Begin PBXBuildFile section */
		9A2EF42707A855E500258FA4 /* MyWindow.h in Headers */ = {isa = PBXBuildFile; fileRef = B1E9FA720177AB7E05CA2A1D /* MyWindow.h */; };
		9A2EF42907A855E500258FA4 /* InfoPlist.strings in Resources */ = {isa = PBXBuildFile; fileRef = 089C165CFE840E0CC02AAC07 /* InfoPlist.strings */; };
		9A2EF42D07A855E500258FA4 /* main.m in Sources */ = {isa = PBXBuildFile; fileRef = 29B97316FDCFA39411CA2CEA /* main.m */; settings = {ATTRIBUTES = (); }; };
		9A2EF42E07A855E500258FA4 /* MyWindow.m in Sources */ = {isa = PBXBuildFile; fileRef = B1E9FA710177AB7E05CA2A1D /* MyWindow.m */; };
		9A2EF43007A855E500258FA4 /* Cocoa.framework in Frameworks */ = {isa = PBXBuildFile; fileRef = 1058C7A1FEA54F0111CA2CBB /* Cocoa.framework */; };
		9A2EF43107A855E500258FA4 /* IOBluetooth.framework in Frameworks */ = {isa = PBXBuildFile; fileRef = B1E9FA6B0177AA5905CA2A1D /* IOBluetooth.framework */; };
		9A2EF43207A855E500258FA4 /* IOBluetoothUI.framework in Frameworks */ = {isa = PBXBuildFile; fileRef = 40DE5BFF029AF85E05CD2B6C /* IOBluetoothUI.framework */; };
		9A2EF43B07A8560E00258FA4 /* Info.plist in Resources */ = {isa = PBXBuildFile; fileRef = 9A2EF43907A8560E00258FA4 /* Info.plist */; };
		9AA193BB08BE396B00C1AFA5 /* Icon.icns in Resources */ = {isa = PBXBuildFile; fileRef = 9AA193BA08BE396B00C1AFA5 /* Icon.icns */; };
		9AA193C708BE399200C1AFA5 /* MainMenu.nib in Resources */ = {isa = PBXBuildFile; fileRef = 9AA193C508BE399200C1AFA5 /* MainMenu.nib */; };
/* End PBXBuildFile section */

/* Begin PBXFileReference section */
		089C165DFE840E0CC02AAC07 /* English */ = {isa = PBXFileReference; fileEncoding = 10; lastKnownFileType = text.plist.strings; name = English; path = English.lproj/InfoPlist.strings; sourceTree = "<group>"; };
		1058C7A1FEA54F0111CA2CBB /* Cocoa.framework */ = {isa = PBXFileReference; lastKnownFileType = wrapper.framework; name = Cocoa.framework; path = /System/Library/Frameworks/Cocoa.framework; sourceTree = "<absolute>"; };
		29B97316FDCFA39411CA2CEA /* main.m */ = {isa = PBXFileReference; fileEncoding = 30; lastKnownFileType = sourcecode.c.objc; path = main.m; sourceTree = "<group>"; };
		29B97324FDCFA39411CA2CEA /* AppKit.framework */ = {isa = PBXFileReference; lastKnownFileType = wrapper.framework; name = AppKit.framework; path = /System/Library/Frameworks/AppKit.framework; sourceTree = "<absolute>"; };
		29B97325FDCFA39411CA2CEA /* Foundation.framework */ = {isa = PBXFileReference; lastKnownFileType = wrapper.framework; name = Foundation.framework; path = /System/Library/Frameworks/Foundation.framework; sourceTree = "<absolute>"; };
		40DE5BFF029AF85E05CD2B6C /* IOBluetoothUI.framework */ = {isa = PBXFileReference; lastKnownFileType = wrapper.framework; name = IOBluetoothUI.framework; path = /System/Library/Frameworks/IOBluetoothUI.framework; sourceTree = "<absolute>"; };
		9A2EF43407A855E500258FA4 /* OBEXSample.app */ = {isa = PBXFileReference; explicitFileType = wrapper.application; includeInIndex = 0; path = OBEXSample.app; sourceTree = BUILT_PRODUCTS_DIR; };
		9A2EF43907A8560E00258FA4 /* Info.plist */ = {isa = PBXFileReference; fileEncoding = 30; lastKnownFileType = text.xml; path = Info.plist; sourceTree = SOURCE_ROOT; };
		9AA193BA08BE396B00C1AFA5 /* Icon.icns */ = {isa = PBXFileReference; lastKnownFileType = image.icns; path = Icon.icns; sourceTree = SOURCE_ROOT; };
		9AA193C608BE399200C1AFA5 /* English */ = {isa = PBXFileReference; lastKnownFileType = wrapper.nib; name = English; path = English.lproj/MainMenu.nib; sourceTree = "<group>"; };
		B1E9FA6B0177AA5905CA2A1D /* IOBluetooth.framework */ = {isa = PBXFileReference; lastKnownFileType = wrapper.framework; name = IOBluetooth.framework; path = /System/Library/Frameworks/IOBluetooth.framework; sourceTree = "<absolute>"; };
		B1E9FA710177AB7E05CA2A1D /* MyWindow.m */ = {isa = PBXFileReference; fileEncoding = 30; lastKnownFileType = sourcecode.c.objc; path = MyWindow.m; sourceTree = SOURCE_ROOT; };
		B1E9FA720177AB7E05CA2A1D /* MyWindow.h */ = {isa = PBXFileReference; fileEncoding = 30; lastKnownFileType = sourcecode.c.h; path = MyWindow.h; sourceTree = SOURCE_ROOT; };
/* End PBXFileReference section */

/* Begin PBXFrameworksBuildPhase section */
		9A2EF42F07A855E500258FA4 /* Frameworks */ = {
			isa = PBXFrameworksBuildPhase;
			buildActionMask = 2147483647;
			files = (
				9A2EF43007A855E500258FA4 /* Cocoa.framework in Frameworks */,
				9A2EF43107A855E500258FA4 /* IOBluetooth.framework in Frameworks */,
				9A2EF43207A855E500258FA4 /* IOBluetoothUI.framework in Frameworks */,
			);
			runOnlyForDeploymentPostprocessing = 0;
		};
/* End PBXFrameworksBuildPhase section */

/* Begin PBXGroup section */
		080E96DDFE201D6D7F000001 /* Classes */ = {
			isa = PBXGroup;
			children = (
				B1E9FA710177AB7E05CA2A1D /* MyWindow.m */,
				B1E9FA720177AB7E05CA2A1D /* MyWindow.h */,
			);
			name = Classes;
			sourceTree = "<group>";
		};
		1058C7A0FEA54F0111CA2CBB /* Linked Frameworks */ = {
			isa = PBXGroup;
			children = (
				1058C7A1FEA54F0111CA2CBB /* Cocoa.framework */,
				B1E9FA6B0177AA5905CA2A1D /* IOBluetooth.framework */,
				40DE5BFF029AF85E05CD2B6C /* IOBluetoothUI.framework */,
			);
			name = "Linked Frameworks";
			sourceTree = "<group>";
		};
		1058C7A2FEA54F0111CA2CBB /* Other Frameworks */ = {
			isa = PBXGroup;
			children = (
				29B97325FDCFA39411CA2CEA /* Foundation.framework */,
				29B97324FDCFA39411CA2CEA /* AppKit.framework */,
			);
			name = "Other Frameworks";
			sourceTree = "<group>";
		};
		19C28FACFE9D520D11CA2CBB /* Products */ = {
			isa = PBXGroup;
			children = (
				9A2EF43407A855E500258FA4 /* OBEXSample.app */,
			);
			name = Products;
			sourceTree = "<group>";
		};
		29B97314FDCFA39411CA2CEA /* OBEXTest */ = {
			isa = PBXGroup;
			children = (
				080E96DDFE201D6D7F000001 /* Classes */,
				29B97315FDCFA39411CA2CEA /* Other Sources */,
				29B97317FDCFA39411CA2CEA /* Resources */,
				29B97323FDCFA39411CA2CEA /* Frameworks */,
				19C28FACFE9D520D11CA2CBB /* Products */,
			);
			name = OBEXTest;
			sourceTree = "<group>";
		};
		29B97315FDCFA39411CA2CEA /* Other Sources */ = {
			isa = PBXGroup;
			children = (
				29B97316FDCFA39411CA2CEA /* main.m */,
			);
			name = "Other Sources";
			sourceTree = "<group>";
		};
		29B97317FDCFA39411CA2CEA /* Resources */ = {
			isa = PBXGroup;
			children = (
				9AA193BA08BE396B00C1AFA5 /* Icon.icns */,
				9A2EF43907A8560E00258FA4 /* Info.plist */,
				9AA193C508BE399200C1AFA5 /* MainMenu.nib */,
				089C165CFE840E0CC02AAC07 /* InfoPlist.strings */,
			);
			name = Resources;
			sourceTree = "<group>";
		};
		29B97323FDCFA39411CA2CEA /* Frameworks */ = {
			isa = PBXGroup;
			children = (
				1058C7A0FEA54F0111CA2CBB /* Linked Frameworks */,
				1058C7A2FEA54F0111CA2CBB /* Other Frameworks */,
			);
			name = Frameworks;
			sourceTree = "<group>";
		};
/* End PBXGroup section */

/* Begin PBXHeadersBuildPhase section */
		9A2EF42607A855E500258FA4 /* Headers */ = {
			isa = PBXHeadersBuildPhase;
			buildActionMask = 2147483647;
			files = (
				9A2EF42707A855E500258FA4 /* MyWindow.h in Headers */,
			);
			runOnlyForDeploymentPostprocessing = 0;
		};
/* End PBXHeadersBuildPhase section */

/* Begin PBXNativeTarget section */
		9A2EF42507A855E500258FA4 /* OBEXSample */ = {
			isa = PBXNativeTarget;
			buildConfigurationList = 9AA1937908BE38FA00C1AFA5 /* Build configuration list for PBXNativeTarget "OBEXSample" */;
			buildPhases = (
				9A2EF42607A855E500258FA4 /* Headers */,
				9A2EF42807A855E500258FA4 /* Resources */,
				9A2EF42C07A855E500258FA4 /* Sources */,
				9A2EF42F07A855E500258FA4 /* Frameworks */,
			);
			buildRules = (
			);
			dependencies = (
			);
			name = OBEXSample;
			productInstallPath = "${SYSTEM_APPS_DIR}/Extras/Bluetooth";
			productName = OBEXTest;
			productReference = 9A2EF43407A855E500258FA4 /* OBEXSample.app */;
			productType = "com.apple.product-type.application";
		};
/* End PBXNativeTarget section */

/* Begin PBXProject section */
		29B97313FDCFA39411CA2CEA /* Project object */ = {
			isa = PBXProject;
			buildConfigurationList = 9AA1937D08BE38FA00C1AFA5 /* Build configuration list for PBXProject "OBEXSample" */;
			hasScannedForEncodings = 1;
			mainGroup = 29B97314FDCFA39411CA2CEA /* OBEXTest */;
			projectDirPath = "";
			projectRoot = "";
			targets = (
				9A2EF42507A855E500258FA4 /* OBEXSample */,
			);
		};
/* End PBXProject section */

/* Begin PBXResourcesBuildPhase section */
		9A2EF42807A855E500258FA4 /* Resources */ = {
			isa = PBXResourcesBuildPhase;
			buildActionMask = 2147483647;
			files = (
				9A2EF42907A855E500258FA4 /* InfoPlist.strings in Resources */,
				9A2EF43B07A8560E00258FA4 /* Info.plist in Resources */,
				9AA193BB08BE396B00C1AFA5 /* Icon.icns in Resources */,
				9AA193C708BE399200C1AFA5 /* MainMenu.nib in Resources */,
			);
			runOnlyForDeploymentPostprocessing = 0;
		};
/* End PBXResourcesBuildPhase section */

/* Begin PBXSourcesBuildPhase section */
		9A2EF42C07A855E500258FA4 /* Sources */ = {
			isa = PBXSourcesBuildPhase;
			buildActionMask = 2147483647;
			files = (
				9A2EF42D07A855E500258FA4 /* main.m in Sources */,
				9A2EF42E07A855E500258FA4 /* MyWindow.m in Sources */,
			);
			runOnlyForDeploymentPostprocessing = 0;
		};
/* End PBXSourcesBuildPhase section */

/* Begin PBXVariantGroup section */
		089C165CFE840E0CC02AAC07 /* InfoPlist.strings */ = {
			isa = PBXVariantGroup;
			children = (
				089C165DFE840E0CC02AAC07 /* English */,
			);
			name = InfoPlist.strings;
			sourceTree = "<group>";
		};
		9AA193C508BE399200C1AFA5 /* MainMenu.nib */ = {
			isa = PBXVariantGroup;
			children = (
				9AA193C608BE399200C1AFA5 /* English */,
			);
			name = MainMenu.nib;
			sourceTree = SOURCE_ROOT;
		};
/* End PBXVariantGroup section */

/* Begin XCBuildConfiguration section */
		9AA1937A08BE38FA00C1AFA5 /* Debug */ = {
			isa = XCBuildConfiguration;
			buildSettings = {
				COPY_PHASE_STRIP = NO;
				GCC_DYNAMIC_NO_PIC = NO;
				GCC_ENABLE_FIX_AND_CONTINUE = YES;
				GCC_MODEL_TUNING = G5;
				GCC_OPTIMIZATION_LEVEL = 0;
				INFOPLIST_FILE = Info.plist;
				INSTALL_PATH = "${SYSTEM_APPS_DIR}/Extras/Bluetooth";
				MACOSX_DEPLOYMENT_TARGET = 10.3;
				PRODUCT_NAME = OBEXSample;
				WARNING_CFLAGS = (
					"-Wmost",
					"-Wno-four-char-constants",
					"-Wno-unknown-pragmas",
				);
				WRAPPER_EXTENSION = app;
				ZERO_LINK = YES;
			};
			name = Debug;
		};
		9AA1937B08BE38FA00C1AFA5 /* Release */ = {
			isa = XCBuildConfiguration;
			buildSettings = {
				ARCHS = (
					ppc,
					i386,
				);
				GCC_GENERATE_DEBUGGING_SYMBOLS = NO;
				GCC_MODEL_TUNING = G5;
				INFOPLIST_FILE = Info.plist;
				INSTALL_PATH = "${SYSTEM_APPS_DIR}/Extras/Bluetooth";
				MACOSX_DEPLOYMENT_TARGET = 10.3;
				PRODUCT_NAME = OBEXSample;
				WARNING_CFLAGS = (
					"-Wmost",
					"-Wno-four-char-constants",
					"-Wno-unknown-pragmas",
				);
				WRAPPER_EXTENSION = app;
			};
			name = Release;
		};
		9AA1937E08BE38FA00C1AFA5 /* Debug */ = {
			isa = XCBuildConfiguration;
			buildSettings = {
				GCC_WARN_ABOUT_RETURN_TYPE = YES;
				GCC_WARN_UNUSED_VARIABLE = YES;
				PREBINDING = NO;
			};
			name = Debug;
		};
		9AA1937F08BE38FA00C1AFA5 /* Release */ = {
			isa = XCBuildConfiguration;
			buildSettings = {
				GCC_WARN_ABOUT_RETURN_TYPE = YES;
				GCC_WARN_UNUSED_VARIABLE = YES;
				PREBINDING = NO;
			};
			name = Release;
		};
/* End XCBuildConfiguration section */

/* Begin XCConfigurationList section */
		9AA1937908BE38FA00C1AFA5 /* Build configuration list for PBXNativeTarget "OBEXSample" */ = {
			isa = XCConfigurationList;
			buildConfigurations = (
				9AA1937A08BE38FA00C1AFA5 /* Debug */,
				9AA1937B08BE38FA00C1AFA5 /* Release */,
			);
			defaultConfigurationIsVisible = 0;
			defaultConfigurationName = Release;
		};
		9AA1937D08BE38FA00C1AFA5 /* Build configuration list for PBXProject "OBEXSample" */ = {
			isa = XCConfigurationList;
			buildConfigurations = (
				9AA1937E08BE38FA00C1AFA5 /* Debug */,
				9AA1937F08BE38FA00C1AFA5 /* Release */,
			);
			defaultConfigurationIsVisible = 0;
			defaultConfigurationName = Release;
		};
/* End XCConfigurationList section */
	};
	rootObject = 29B97313FDCFA39411CA2CEA /* Project object */;
}
